// !$*UTF8*$!
{
	archiveVersion = 1;
	classes = {
	};
	objectVersion = 50;
	objects = {

/* Begin PBXBuildFile section */
		3F6AA67524E71181009DFC26 /* AppDelegate.swift in Sources */ = {isa = PBXBuildFile; fileRef = 3F6AA67424E71181009DFC26 /* AppDelegate.swift */; };
		3F6AA67924E71181009DFC26 /* ViewController.swift in Sources */ = {isa = PBXBuildFile; fileRef = 3F6AA67824E71181009DFC26 /* ViewController.swift */; };
		3F6AA67E24E71183009DFC26 /* Assets.xcassets in Resources */ = {isa = PBXBuildFile; fileRef = 3F6AA67D24E71183009DFC26 /* Assets.xcassets */; };
		3F6AA68124E71183009DFC26 /* LaunchScreen.storyboard in Resources */ = {isa = PBXBuildFile; fileRef = 3F6AA67F24E71183009DFC26 /* LaunchScreen.storyboard */; };
		3F6AA68924E72075009DFC26 /* DetailViewController0.swift in Sources */ = {isa = PBXBuildFile; fileRef = 3F6AA68824E72075009DFC26 /* DetailViewController0.swift */; };
		3F6AA68B24E7220D009DFC26 /* Coordinator.swift in Sources */ = {isa = PBXBuildFile; fileRef = 3F6AA68A24E7220D009DFC26 /* Coordinator.swift */; };
		3F9C1A1F24E7F6730067511D /* Pokemon.swift in Sources */ = {isa = PBXBuildFile; fileRef = 3F9C1A1E24E7F6730067511D /* Pokemon.swift */; };
		3F9C1A2124E7F6950067511D /* AllPokemonsResponse.swift in Sources */ = {isa = PBXBuildFile; fileRef = 3F9C1A2024E7F6950067511D /* AllPokemonsResponse.swift */; };
		3F9C1A2324E7F6AC0067511D /* PokemonResponse.swift in Sources */ = {isa = PBXBuildFile; fileRef = 3F9C1A2224E7F6AC0067511D /* PokemonResponse.swift */; };
		3F9C1A2624E7F6E00067511D /* PokemonClient.swift in Sources */ = {isa = PBXBuildFile; fileRef = 3F9C1A2524E7F6E00067511D /* PokemonClient.swift */; };
		3F9C1A2824E7F6FD0067511D /* PokemonPathBuilder.swift in Sources */ = {isa = PBXBuildFile; fileRef = 3F9C1A2724E7F6FD0067511D /* PokemonPathBuilder.swift */; };
		3F9C1A2A24E7F7170067511D /* HttpMethod.swift in Sources */ = {isa = PBXBuildFile; fileRef = 3F9C1A2924E7F7170067511D /* HttpMethod.swift */; };
		3F9C1A2C24E7F72E0067511D /* NetworkError.swift in Sources */ = {isa = PBXBuildFile; fileRef = 3F9C1A2B24E7F72E0067511D /* NetworkError.swift */; };
		3F9C1A2F24E804380067511D /* MainViewController.swift in Sources */ = {isa = PBXBuildFile; fileRef = 3F9C1A2E24E804380067511D /* MainViewController.swift */; };
		3F9C1A3124E804480067511D /* MainViewModel.swift in Sources */ = {isa = PBXBuildFile; fileRef = 3F9C1A3024E804480067511D /* MainViewModel.swift */; };
		3F9C1A3424E80D580067511D /* DetailViewModel.swift in Sources */ = {isa = PBXBuildFile; fileRef = 3F9C1A3324E80D580067511D /* DetailViewModel.swift */; };
		3F9C1A3624E80D870067511D /* DetailViewController.swift in Sources */ = {isa = PBXBuildFile; fileRef = 3F9C1A3524E80D870067511D /* DetailViewController.swift */; };
/* End PBXBuildFile section */

/* Begin PBXFileReference section */
		3F6AA67124E71181009DFC26 /* Pokedex1.app */ = {isa = PBXFileReference; explicitFileType = wrapper.application; includeInIndex = 0; path = Pokedex1.app; sourceTree = BUILT_PRODUCTS_DIR; };
		3F6AA67424E71181009DFC26 /* AppDelegate.swift */ = {isa = PBXFileReference; lastKnownFileType = sourcecode.swift; path = AppDelegate.swift; sourceTree = "<group>"; };
		3F6AA67824E71181009DFC26 /* ViewController.swift */ = {isa = PBXFileReference; lastKnownFileType = sourcecode.swift; path = ViewController.swift; sourceTree = "<group>"; };
		3F6AA67D24E71183009DFC26 /* Assets.xcassets */ = {isa = PBXFileReference; lastKnownFileType = folder.assetcatalog; path = Assets.xcassets; sourceTree = "<group>"; };
		3F6AA68024E71183009DFC26 /* Base */ = {isa = PBXFileReference; lastKnownFileType = file.storyboard; name = Base; path = Base.lproj/LaunchScreen.storyboard; sourceTree = "<group>"; };
		3F6AA68224E71183009DFC26 /* Info.plist */ = {isa = PBXFileReference; lastKnownFileType = text.plist.xml; path = Info.plist; sourceTree = "<group>"; };
		3F6AA68824E72075009DFC26 /* DetailViewController0.swift */ = {isa = PBXFileReference; lastKnownFileType = sourcecode.swift; path = DetailViewController0.swift; sourceTree = "<group>"; };
		3F6AA68A24E7220D009DFC26 /* Coordinator.swift */ = {isa = PBXFileReference; lastKnownFileType = sourcecode.swift; path = Coordinator.swift; sourceTree = "<group>"; };
		3F9C1A1E24E7F6730067511D /* Pokemon.swift */ = {isa = PBXFileReference; lastKnownFileType = sourcecode.swift; path = Pokemon.swift; sourceTree = "<group>"; };
		3F9C1A2024E7F6950067511D /* AllPokemonsResponse.swift */ = {isa = PBXFileReference; lastKnownFileType = sourcecode.swift; path = AllPokemonsResponse.swift; sourceTree = "<group>"; };
		3F9C1A2224E7F6AC0067511D /* PokemonResponse.swift */ = {isa = PBXFileReference; lastKnownFileType = sourcecode.swift; path = PokemonResponse.swift; sourceTree = "<group>"; };
		3F9C1A2524E7F6E00067511D /* PokemonClient.swift */ = {isa = PBXFileReference; lastKnownFileType = sourcecode.swift; path = PokemonClient.swift; sourceTree = "<group>"; };
		3F9C1A2724E7F6FD0067511D /* PokemonPathBuilder.swift */ = {isa = PBXFileReference; lastKnownFileType = sourcecode.swift; path = PokemonPathBuilder.swift; sourceTree = "<group>"; };
		3F9C1A2924E7F7170067511D /* HttpMethod.swift */ = {isa = PBXFileReference; lastKnownFileType = sourcecode.swift; path = HttpMethod.swift; sourceTree = "<group>"; };
		3F9C1A2B24E7F72E0067511D /* NetworkError.swift */ = {isa = PBXFileReference; lastKnownFileType = sourcecode.swift; path = NetworkError.swift; sourceTree = "<group>"; };
		3F9C1A2E24E804380067511D /* MainViewController.swift */ = {isa = PBXFileReference; lastKnownFileType = sourcecode.swift; path = MainViewController.swift; sourceTree = "<group>"; };
		3F9C1A3024E804480067511D /* MainViewModel.swift */ = {isa = PBXFileReference; lastKnownFileType = sourcecode.swift; path = MainViewModel.swift; sourceTree = "<group>"; };
		3F9C1A3324E80D580067511D /* DetailViewModel.swift */ = {isa = PBXFileReference; lastKnownFileType = sourcecode.swift; path = DetailViewModel.swift; sourceTree = "<group>"; };
		3F9C1A3524E80D870067511D /* DetailViewController.swift */ = {isa = PBXFileReference; lastKnownFileType = sourcecode.swift; path = DetailViewController.swift; sourceTree = "<group>"; };
/* End PBXFileReference section */

/* Begin PBXFrameworksBuildPhase section */
		3F6AA66E24E71181009DFC26 /* Frameworks */ = {
			isa = PBXFrameworksBuildPhase;
			buildActionMask = 2147483647;
			files = (
			);
			runOnlyForDeploymentPostprocessing = 0;
		};
/* End PBXFrameworksBuildPhase section */

/* Begin PBXGroup section */
		3F6AA66824E71181009DFC26 = {
			isa = PBXGroup;
			children = (
				3F6AA67324E71181009DFC26 /* Pokedex1 */,
				3F6AA67224E71181009DFC26 /* Products */,
			);
			sourceTree = "<group>";
		};
		3F6AA67224E71181009DFC26 /* Products */ = {
			isa = PBXGroup;
			children = (
				3F6AA67124E71181009DFC26 /* Pokedex1.app */,
			);
			name = Products;
			sourceTree = "<group>";
		};
		3F6AA67324E71181009DFC26 /* Pokedex1 */ = {
			isa = PBXGroup;
			children = (
				3FD20B3924E7CD77002BCEB2 /* App */,
				3FD20B3A24E7CD83002BCEB2 /* Coordinator */,
				3F9C1A2D24E803D90067511D /* Main */,
				3F9C1A3224E80D450067511D /* Detail */,
				3F9C1A1D24E7F65B0067511D /* Models */,
				3F9C1A2424E7F6C60067511D /* Networking */,
				3F6AA67824E71181009DFC26 /* ViewController.swift */,
				3F6AA68824E72075009DFC26 /* DetailViewController0.swift */,
				3F6AA67D24E71183009DFC26 /* Assets.xcassets */,
				3F6AA67F24E71183009DFC26 /* LaunchScreen.storyboard */,
				3F6AA68224E71183009DFC26 /* Info.plist */,
			);
			path = Pokedex1;
			sourceTree = "<group>";
		};
		3F9C1A1D24E7F65B0067511D /* Models */ = {
			isa = PBXGroup;
			children = (
				3F9C1A1E24E7F6730067511D /* Pokemon.swift */,
				3F9C1A2024E7F6950067511D /* AllPokemonsResponse.swift */,
				3F9C1A2224E7F6AC0067511D /* PokemonResponse.swift */,
			);
			path = Models;
			sourceTree = "<group>";
		};
		3F9C1A2424E7F6C60067511D /* Networking */ = {
			isa = PBXGroup;
			children = (
				3F9C1A2524E7F6E00067511D /* PokemonClient.swift */,
				3F9C1A2724E7F6FD0067511D /* PokemonPathBuilder.swift */,
				3F9C1A2924E7F7170067511D /* HttpMethod.swift */,
				3F9C1A2B24E7F72E0067511D /* NetworkError.swift */,
			);
			path = Networking;
			sourceTree = "<group>";
		};
		3F9C1A2D24E803D90067511D /* Main */ = {
			isa = PBXGroup;
			children = (
				3F9C1A2E24E804380067511D /* MainViewController.swift */,
				3F9C1A3024E804480067511D /* MainViewModel.swift */,
			);
			path = Main;
			sourceTree = "<group>";
		};
		3F9C1A3224E80D450067511D /* Detail */ = {
			isa = PBXGroup;
			children = (
				3F9C1A3524E80D870067511D /* DetailViewController.swift */,
				3F9C1A3324E80D580067511D /* DetailViewModel.swift */,
			);
			path = Detail;
			sourceTree = "<group>";
		};
		3FD20B3924E7CD77002BCEB2 /* App */ = {
			isa = PBXGroup;
			children = (
				3F6AA67424E71181009DFC26 /* AppDelegate.swift */,
			);
			path = App;
			sourceTree = "<group>";
		};
		3FD20B3A24E7CD83002BCEB2 /* Coordinator */ = {
			isa = PBXGroup;
			children = (
				3F6AA68A24E7220D009DFC26 /* Coordinator.swift */,
			);
			path = Coordinator;
			sourceTree = "<group>";
		};
/* End PBXGroup section */

/* Begin PBXNativeTarget section */
		3F6AA67024E71181009DFC26 /* Pokedex1 */ = {
			isa = PBXNativeTarget;
			buildConfigurationList = 3F6AA68524E71183009DFC26 /* Build configuration list for PBXNativeTarget "Pokedex1" */;
			buildPhases = (
				3F6AA66D24E71181009DFC26 /* Sources */,
				3F6AA66E24E71181009DFC26 /* Frameworks */,
				3F6AA66F24E71181009DFC26 /* Resources */,
			);
			buildRules = (
			);
			dependencies = (
			);
			name = Pokedex1;
			productName = Pokedex1;
			productReference = 3F6AA67124E71181009DFC26 /* Pokedex1.app */;
			productType = "com.apple.product-type.application";
		};
/* End PBXNativeTarget section */

/* Begin PBXProject section */
		3F6AA66924E71181009DFC26 /* Project object */ = {
			isa = PBXProject;
			attributes = {
				LastSwiftUpdateCheck = 1160;
				LastUpgradeCheck = 1160;
				ORGANIZATIONNAME = thewire;
				TargetAttributes = {
					3F6AA67024E71181009DFC26 = {
						CreatedOnToolsVersion = 11.6;
					};
				};
			};
			buildConfigurationList = 3F6AA66C24E71181009DFC26 /* Build configuration list for PBXProject "Pokedex1" */;
			compatibilityVersion = "Xcode 9.3";
			developmentRegion = en;
			hasScannedForEncodings = 0;
			knownRegions = (
				en,
				Base,
			);
			mainGroup = 3F6AA66824E71181009DFC26;
			productRefGroup = 3F6AA67224E71181009DFC26 /* Products */;
			projectDirPath = "";
			projectRoot = "";
			targets = (
				3F6AA67024E71181009DFC26 /* Pokedex1 */,
			);
		};
/* End PBXProject section */

/* Begin PBXResourcesBuildPhase section */
		3F6AA66F24E71181009DFC26 /* Resources */ = {
			isa = PBXResourcesBuildPhase;
			buildActionMask = 2147483647;
			files = (
				3F6AA68124E71183009DFC26 /* LaunchScreen.storyboard in Resources */,
				3F6AA67E24E71183009DFC26 /* Assets.xcassets in Resources */,
			);
			runOnlyForDeploymentPostprocessing = 0;
		};
/* End PBXResourcesBuildPhase section */

/* Begin PBXSourcesBuildPhase section */
		3F6AA66D24E71181009DFC26 /* Sources */ = {
			isa = PBXSourcesBuildPhase;
			buildActionMask = 2147483647;
			files = (
				3F9C1A1F24E7F6730067511D /* Pokemon.swift in Sources */,
				3F6AA68B24E7220D009DFC26 /* Coordinator.swift in Sources */,
				3F9C1A2A24E7F7170067511D /* HttpMethod.swift in Sources */,
				3F9C1A2F24E804380067511D /* MainViewController.swift in Sources */,
				3F6AA68924E72075009DFC26 /* DetailViewController0.swift in Sources */,
				3F9C1A3124E804480067511D /* MainViewModel.swift in Sources */,
				3F6AA67924E71181009DFC26 /* ViewController.swift in Sources */,
				3F9C1A2324E7F6AC0067511D /* PokemonResponse.swift in Sources */,
				3F9C1A2824E7F6FD0067511D /* PokemonPathBuilder.swift in Sources */,
				3F9C1A3424E80D580067511D /* DetailViewModel.swift in Sources */,
				3F9C1A2124E7F6950067511D /* AllPokemonsResponse.swift in Sources */,
				3F9C1A2624E7F6E00067511D /* PokemonClient.swift in Sources */,
				3F9C1A3624E80D870067511D /* DetailViewController.swift in Sources */,
				3F9C1A2C24E7F72E0067511D /* NetworkError.swift in Sources */,
				3F6AA67524E71181009DFC26 /* AppDelegate.swift in Sources */,
			);
			runOnlyForDeploymentPostprocessing = 0;
		};
/* End PBXSourcesBuildPhase section */

/* Begin PBXVariantGroup section */
		3F6AA67F24E71183009DFC26 /* LaunchScreen.storyboard */ = {
			isa = PBXVariantGroup;
			children = (
				3F6AA68024E71183009DFC26 /* Base */,
			);
			name = LaunchScreen.storyboard;
			sourceTree = "<group>";
		};
/* End PBXVariantGroup section */

/* Begin XCBuildConfiguration section */
		3F6AA68324E71183009DFC26 /* Debug */ = {
			isa = XCBuildConfiguration;
			buildSettings = {
				ALWAYS_SEARCH_USER_PATHS = NO;
				CLANG_ANALYZER_NONNULL = YES;
				CLANG_ANALYZER_NUMBER_OBJECT_CONVERSION = YES_AGGRESSIVE;
				CLANG_CXX_LANGUAGE_STANDARD = "gnu++14";
				CLANG_CXX_LIBRARY = "libc++";
				CLANG_ENABLE_MODULES = YES;
				CLANG_ENABLE_OBJC_ARC = YES;
				CLANG_ENABLE_OBJC_WEAK = YES;
				CLANG_WARN_BLOCK_CAPTURE_AUTORELEASING = YES;
				CLANG_WARN_BOOL_CONVERSION = YES;
				CLANG_WARN_COMMA = YES;
				CLANG_WARN_CONSTANT_CONVERSION = YES;
				CLANG_WARN_DEPRECATED_OBJC_IMPLEMENTATIONS = YES;
				CLANG_WARN_DIRECT_OBJC_ISA_USAGE = YES_ERROR;
				CLANG_WARN_DOCUMENTATION_COMMENTS = YES;
				CLANG_WARN_EMPTY_BODY = YES;
				CLANG_WARN_ENUM_CONVERSION = YES;
				CLANG_WARN_INFINITE_RECURSION = YES;
				CLANG_WARN_INT_CONVERSION = YES;
				CLANG_WARN_NON_LITERAL_NULL_CONVERSION = YES;
				CLANG_WARN_OBJC_IMPLICIT_RETAIN_SELF = YES;
				CLANG_WARN_OBJC_LITERAL_CONVERSION = YES;
				CLANG_WARN_OBJC_ROOT_CLASS = YES_ERROR;
				CLANG_WARN_RANGE_LOOP_ANALYSIS = YES;
				CLANG_WARN_STRICT_PROTOTYPES = YES;
				CLANG_WARN_SUSPICIOUS_MOVE = YES;
				CLANG_WARN_UNGUARDED_AVAILABILITY = YES_AGGRESSIVE;
				CLANG_WARN_UNREACHABLE_CODE = YES;
				CLANG_WARN__DUPLICATE_METHOD_MATCH = YES;
				COPY_PHASE_STRIP = NO;
				DEBUG_INFORMATION_FORMAT = dwarf;
				ENABLE_STRICT_OBJC_MSGSEND = YES;
				ENABLE_TESTABILITY = YES;
				GCC_C_LANGUAGE_STANDARD = gnu11;
				GCC_DYNAMIC_NO_PIC = NO;
				GCC_NO_COMMON_BLOCKS = YES;
				GCC_OPTIMIZATION_LEVEL = 0;
				GCC_PREPROCESSOR_DEFINITIONS = (
					"DEBUG=1",
					"$(inherited)",
				);
				GCC_WARN_64_TO_32_BIT_CONVERSION = YES;
				GCC_WARN_ABOUT_RETURN_TYPE = YES_ERROR;
				GCC_WARN_UNDECLARED_SELECTOR = YES;
				GCC_WARN_UNINITIALIZED_AUTOS = YES_AGGRESSIVE;
				GCC_WARN_UNUSED_FUNCTION = YES;
				GCC_WARN_UNUSED_VARIABLE = YES;
				IPHONEOS_DEPLOYMENT_TARGET = 13.6;
				MTL_ENABLE_DEBUG_INFO = INCLUDE_SOURCE;
				MTL_FAST_MATH = YES;
				ONLY_ACTIVE_ARCH = YES;
				SDKROOT = iphoneos;
				SWIFT_ACTIVE_COMPILATION_CONDITIONS = DEBUG;
				SWIFT_OPTIMIZATION_LEVEL = "-Onone";
			};
			name = Debug;
		};
		3F6AA68424E71183009DFC26 /* Release */ = {
			isa = XCBuildConfiguration;
			buildSettings = {
				ALWAYS_SEARCH_USER_PATHS = NO;
				CLANG_ANALYZER_NONNULL = YES;
				CLANG_ANALYZER_NUMBER_OBJECT_CONVERSION = YES_AGGRESSIVE;
				CLANG_CXX_LANGUAGE_STANDARD = "gnu++14";
				CLANG_CXX_LIBRARY = "libc++";
				CLANG_ENABLE_MODULES = YES;
				CLANG_ENABLE_OBJC_ARC = YES;
				CLANG_ENABLE_OBJC_WEAK = YES;
				CLANG_WARN_BLOCK_CAPTURE_AUTORELEASING = YES;
				CLANG_WARN_BOOL_CONVERSION = YES;
				CLANG_WARN_COMMA = YES;
				CLANG_WARN_CONSTANT_CONVERSION = YES;
				CLANG_WARN_DEPRECATED_OBJC_IMPLEMENTATIONS = YES;
				CLANG_WARN_DIRECT_OBJC_ISA_USAGE = YES_ERROR;
				CLANG_WARN_DOCUMENTATION_COMMENTS = YES;
				CLANG_WARN_EMPTY_BODY = YES;
				CLANG_WARN_ENUM_CONVERSION = YES;
				CLANG_WARN_INFINITE_RECURSION = YES;
				CLANG_WARN_INT_CONVERSION = YES;
				CLANG_WARN_NON_LITERAL_NULL_CONVERSION = YES;
				CLANG_WARN_OBJC_IMPLICIT_RETAIN_SELF = YES;
				CLANG_WARN_OBJC_LITERAL_CONVERSION = YES;
				CLANG_WARN_OBJC_ROOT_CLASS = YES_ERROR;
				CLANG_WARN_RANGE_LOOP_ANALYSIS = YES;
				CLANG_WARN_STRICT_PROTOTYPES = YES;
				CLANG_WARN_SUSPICIOUS_MOVE = YES;
				CLANG_WARN_UNGUARDED_AVAILABILITY = YES_AGGRESSIVE;
				CLANG_WARN_UNREACHABLE_CODE = YES;
				CLANG_WARN__DUPLICATE_METHOD_MATCH = YES;
				COPY_PHASE_STRIP = NO;
				DEBUG_INFORMATION_FORMAT = "dwarf-with-dsym";
				ENABLE_NS_ASSERTIONS = NO;
				ENABLE_STRICT_OBJC_MSGSEND = YES;
				GCC_C_LANGUAGE_STANDARD = gnu11;
				GCC_NO_COMMON_BLOCKS = YES;
				GCC_WARN_64_TO_32_BIT_CONVERSION = YES;
				GCC_WARN_ABOUT_RETURN_TYPE = YES_ERROR;
				GCC_WARN_UNDECLARED_SELECTOR = YES;
				GCC_WARN_UNINITIALIZED_AUTOS = YES_AGGRESSIVE;
				GCC_WARN_UNUSED_FUNCTION = YES;
				GCC_WARN_UNUSED_VARIABLE = YES;
				IPHONEOS_DEPLOYMENT_TARGET = 13.6;
				MTL_ENABLE_DEBUG_INFO = NO;
				MTL_FAST_MATH = YES;
				SDKROOT = iphoneos;
				SWIFT_COMPILATION_MODE = wholemodule;
				SWIFT_OPTIMIZATION_LEVEL = "-O";
				VALIDATE_PRODUCT = YES;
			};
			name = Release;
		};
		3F6AA68624E71183009DFC26 /* Debug */ = {
			isa = XCBuildConfiguration;
			buildSettings = {
				ASSETCATALOG_COMPILER_APPICON_NAME = AppIcon;
				CODE_SIGN_STYLE = Automatic;
				INFOPLIST_FILE = Pokedex1/Info.plist;
				LD_RUNPATH_SEARCH_PATHS = (
					"$(inherited)",
					"@executable_path/Frameworks",
				);
				PRODUCT_BUNDLE_IDENTIFIER = com.example.Pokedex1;
				PRODUCT_NAME = "$(TARGET_NAME)";
				SWIFT_VERSION = 5.0;
				TARGETED_DEVICE_FAMILY = "1,2";
			};
			name = Debug;
		};
		3F6AA68724E71183009DFC26 /* Release */ = {
			isa = XCBuildConfiguration;
			buildSettings = {
				ASSETCATALOG_COMPILER_APPICON_NAME = AppIcon;
				CODE_SIGN_STYLE = Automatic;
				INFOPLIST_FILE = Pokedex1/Info.plist;
				LD_RUNPATH_SEARCH_PATHS = (
					"$(inherited)",
					"@executable_path/Frameworks",
				);
				PRODUCT_BUNDLE_IDENTIFIER = com.example.Pokedex1;
				PRODUCT_NAME = "$(TARGET_NAME)";
				SWIFT_VERSION = 5.0;
				TARGETED_DEVICE_FAMILY = "1,2";
			};
			name = Release;
		};
/* End XCBuildConfiguration section */

/* Begin XCConfigurationList section */
		3F6AA66C24E71181009DFC26 /* Build configuration list for PBXProject "Pokedex1" */ = {
			isa = XCConfigurationList;
			buildConfigurations = (
				3F6AA68324E71183009DFC26 /* Debug */,
				3F6AA68424E71183009DFC26 /* Release */,
			);
			defaultConfigurationIsVisible = 0;
			defaultConfigurationName = Release;
		};
		3F6AA68524E71183009DFC26 /* Build configuration list for PBXNativeTarget "Pokedex1" */ = {
			isa = XCConfigurationList;
			buildConfigurations = (
				3F6AA68624E71183009DFC26 /* Debug */,
				3F6AA68724E71183009DFC26 /* Release */,
			);
			defaultConfigurationIsVisible = 0;
			defaultConfigurationName = Release;
		};
/* End XCConfigurationList section */
	};
	rootObject = 3F6AA66924E71181009DFC26 /* Project object */;
}
